// !$*UTF8*$!
{
	archiveVersion = 1;
	classes = {
	};
	objectVersion = 46;
	objects = {

/* Begin PBXBuildFile section */
		B916DB571D81CE950001A9B0 /* CafeObject.swift in Sources */ = {isa = PBXBuildFile; fileRef = B916DB561D81CE950001A9B0 /* CafeObject.swift */; };
		B916DB5E1D81CEA40001A9B0 /* landmarks.json in Resources */ = {isa = PBXBuildFile; fileRef = B916DB581D81CEA40001A9B0 /* landmarks.json */; };
		B916DB5F1D81CEA40001A9B0 /* parking.json in Resources */ = {isa = PBXBuildFile; fileRef = B916DB591D81CEA40001A9B0 /* parking.json */; };
		B916DB601D81CEA40001A9B0 /* rats.json in Resources */ = {isa = PBXBuildFile; fileRef = B916DB5A1D81CEA40001A9B0 /* rats.json */; };
		B916DB611D81CEA40001A9B0 /* sidewalkCafe.json in Resources */ = {isa = PBXBuildFile; fileRef = B916DB5B1D81CEA40001A9B0 /* sidewalkCafe.json */; };
		B916DB621D81CEA40001A9B0 /* speedcamera.json in Resources */ = {isa = PBXBuildFile; fileRef = B916DB5C1D81CEA40001A9B0 /* speedcamera.json */; };
		B916DB631D81CEA40001A9B0 /* trains.json in Resources */ = {isa = PBXBuildFile; fileRef = B916DB5D1D81CEA40001A9B0 /* trains.json */; };
		D4083E141CDAA5E1007E2950 /* publicArt.swift in Sources */ = {isa = PBXBuildFile; fileRef = D4083E131CDAA5E1007E2950 /* publicArt.swift */; };
		D41283BB1CBF19FC002EF8DA /* DownloadDataOperation.swift in Sources */ = {isa = PBXBuildFile; fileRef = D41283BA1CBF19FC002EF8DA /* DownloadDataOperation.swift */; };
		D4385EC31CDA158C00784EE2 /* composting.json in Resources */ = {isa = PBXBuildFile; fileRef = D4385EC01CDA158C00784EE2 /* composting.json */; };
		D4385EC41CDA158C00784EE2 /* marijuana.json in Resources */ = {isa = PBXBuildFile; fileRef = D4385EC11CDA158C00784EE2 /* marijuana.json */; };
		D4385EC51CDA158C00784EE2 /* publicArt.json in Resources */ = {isa = PBXBuildFile; fileRef = D4385EC21CDA158C00784EE2 /* publicArt.json */; };
		D445EE421CA4021000786CA3 /* CustomTableViewCell.swift in Sources */ = {isa = PBXBuildFile; fileRef = D445EE411CA4021000786CA3 /* CustomTableViewCell.swift */; };
		D445EE441CA4544600786CA3 /* DetailViewController.swift in Sources */ = {isa = PBXBuildFile; fileRef = D445EE431CA4544600786CA3 /* DetailViewController.swift */; };
		D451E9D21CB67AAF00A05682 /* BuildingPermits.json in Resources */ = {isa = PBXBuildFile; fileRef = D451E9C61CB67AAF00A05682 /* BuildingPermits.json */; };
		D451E9D31CB67AAF00A05682 /* CityArtworks.json in Resources */ = {isa = PBXBuildFile; fileRef = D451E9C71CB67AAF00A05682 /* CityArtworks.json */; };
		D451E9D61CB67AAF00A05682 /* Farmers2015.json in Resources */ = {isa = PBXBuildFile; fileRef = D451E9CD1CB67AAF00A05682 /* Farmers2015.json */; };
		D451E9D71CB67AAF00A05682 /* Food.json in Resources */ = {isa = PBXBuildFile; fileRef = D451E9CE1CB67AAF00A05682 /* Food.json */; };
		D451E9D81CB67AAF00A05682 /* Landmarks.json in Resources */ = {isa = PBXBuildFile; fileRef = D451E9CF1CB67AAF00A05682 /* Landmarks.json */; };
		D451E9D91CB67AAF00A05682 /* Parks_Ammenities.json in Resources */ = {isa = PBXBuildFile; fileRef = D451E9D01CB67AAF00A05682 /* Parks_Ammenities.json */; };
		D451E9DA1CB67AAF00A05682 /* RedLight.json in Resources */ = {isa = PBXBuildFile; fileRef = D451E9D11CB67AAF00A05682 /* RedLight.json */; };
		D451E9DC1CB67B2600A05682 /* ArtEntry.swift in Sources */ = {isa = PBXBuildFile; fileRef = D451E9DB1CB67B2600A05682 /* ArtEntry.swift */; };
		D47DE49F1DA6791A00540072 /* building_permits.json in Resources */ = {isa = PBXBuildFile; fileRef = D47DE49E1DA6791A00540072 /* building_permits.json */; };
		D47DE4A11DA6796400540072 /* NotesForSanJose.md in Sources */ = {isa = PBXBuildFile; fileRef = D47DE4A01DA6796400540072 /* NotesForSanJose.md */; };
		D47DE4A31DA6C9B100540072 /* alternative_fuels.json in Resources */ = {isa = PBXBuildFile; fileRef = D47DE4A21DA6C9B100540072 /* alternative_fuels.json */; };
		D47DE4A51DA6D24E00540072 /* heritage_trees.json in Resources */ = {isa = PBXBuildFile; fileRef = D47DE4A41DA6D24E00540072 /* heritage_trees.json */; };
		D47DE4A71DA709CC00540072 /* Tree.swift in Sources */ = {isa = PBXBuildFile; fileRef = D47DE4A61DA709CC00540072 /* Tree.swift */; };
		D49506A31CB83043004B5C7D /* BarberShops.json in Resources */ = {isa = PBXBuildFile; fileRef = D49506A21CB83043004B5C7D /* BarberShops.json */; };
		D498BDBD1C9AD25B00B8FEFC /* AppDelegate.swift in Sources */ = {isa = PBXBuildFile; fileRef = D498BDBC1C9AD25B00B8FEFC /* AppDelegate.swift */; };
		D498BDBF1C9AD25B00B8FEFC /* ListViewController.swift in Sources */ = {isa = PBXBuildFile; fileRef = D498BDBE1C9AD25B00B8FEFC /* ListViewController.swift */; };
		D498BDC11C9AD25B00B8FEFC /* MapViewController.swift in Sources */ = {isa = PBXBuildFile; fileRef = D498BDC01C9AD25B00B8FEFC /* MapViewController.swift */; };
		D498BDC41C9AD25B00B8FEFC /* Main.storyboard in Resources */ = {isa = PBXBuildFile; fileRef = D498BDC21C9AD25B00B8FEFC /* Main.storyboard */; };
		D498BDC61C9AD25B00B8FEFC /* Assets.xcassets in Resources */ = {isa = PBXBuildFile; fileRef = D498BDC51C9AD25B00B8FEFC /* Assets.xcassets */; };
		D498BDC91C9AD25B00B8FEFC /* LaunchScreen.storyboard in Resources */ = {isa = PBXBuildFile; fileRef = D498BDC71C9AD25B00B8FEFC /* LaunchScreen.storyboard */; };
		D498BDD41C9AD25B00B8FEFC /* OpenDataTests.swift in Sources */ = {isa = PBXBuildFile; fileRef = D498BDD31C9AD25B00B8FEFC /* OpenDataTests.swift */; };
		D498BDDF1C9AD25B00B8FEFC /* OpenDataUITests.swift in Sources */ = {isa = PBXBuildFile; fileRef = D498BDDE1C9AD25B00B8FEFC /* OpenDataUITests.swift */; };
		D498BDED1C9AD73A00B8FEFC /* MapKit.framework in Frameworks */ = {isa = PBXBuildFile; fileRef = D498BDEC1C9AD73A00B8FEFC /* MapKit.framework */; };
		D4AFF8451CBF16A3008B5F48 /* FoodInspection.swift in Sources */ = {isa = PBXBuildFile; fileRef = D4AFF8421CBF16A3008B5F48 /* FoodInspection.swift */; };
		D4AFF8461CBF16A3008B5F48 /* LandmarkEntry.swift in Sources */ = {isa = PBXBuildFile; fileRef = D4AFF8431CBF16A3008B5F48 /* LandmarkEntry.swift */; };
		D4AFF8471CBF16A3008B5F48 /* Parks.swift in Sources */ = {isa = PBXBuildFile; fileRef = D4AFF8441CBF16A3008B5F48 /* Parks.swift */; };
/* End PBXBuildFile section */

/* Begin PBXContainerItemProxy section */
		D498BDD01C9AD25B00B8FEFC /* PBXContainerItemProxy */ = {
			isa = PBXContainerItemProxy;
			containerPortal = D498BDB11C9AD25B00B8FEFC /* Project object */;
			proxyType = 1;
			remoteGlobalIDString = D498BDB81C9AD25B00B8FEFC;
			remoteInfo = OpenData;
		};
		D498BDDB1C9AD25B00B8FEFC /* PBXContainerItemProxy */ = {
			isa = PBXContainerItemProxy;
			containerPortal = D498BDB11C9AD25B00B8FEFC /* Project object */;
			proxyType = 1;
			remoteGlobalIDString = D498BDB81C9AD25B00B8FEFC;
			remoteInfo = OpenData;
		};
/* End PBXContainerItemProxy section */

/* Begin PBXFileReference section */
		B916DB561D81CE950001A9B0 /* CafeObject.swift */ = {isa = PBXFileReference; fileEncoding = 4; lastKnownFileType = sourcecode.swift; name = CafeObject.swift; path = OpenData/CafeObject.swift; sourceTree = "<group>"; };
		B916DB581D81CEA40001A9B0 /* landmarks.json */ = {isa = PBXFileReference; fileEncoding = 4; lastKnownFileType = text.json; name = landmarks.json; path = OpenData/landmarks.json; sourceTree = "<group>"; };
		B916DB591D81CEA40001A9B0 /* parking.json */ = {isa = PBXFileReference; fileEncoding = 4; lastKnownFileType = text.json; name = parking.json; path = OpenData/parking.json; sourceTree = "<group>"; };
		B916DB5A1D81CEA40001A9B0 /* rats.json */ = {isa = PBXFileReference; fileEncoding = 4; lastKnownFileType = text.json; name = rats.json; path = OpenData/rats.json; sourceTree = "<group>"; };
		B916DB5B1D81CEA40001A9B0 /* sidewalkCafe.json */ = {isa = PBXFileReference; fileEncoding = 4; lastKnownFileType = text.json; name = sidewalkCafe.json; path = OpenData/sidewalkCafe.json; sourceTree = "<group>"; };
		B916DB5C1D81CEA40001A9B0 /* speedcamera.json */ = {isa = PBXFileReference; fileEncoding = 4; lastKnownFileType = text.json; name = speedcamera.json; path = OpenData/speedcamera.json; sourceTree = "<group>"; };
		B916DB5D1D81CEA40001A9B0 /* trains.json */ = {isa = PBXFileReference; fileEncoding = 4; lastKnownFileType = text.json; name = trains.json; path = OpenData/trains.json; sourceTree = "<group>"; };
		D4083E131CDAA5E1007E2950 /* publicArt.swift */ = {isa = PBXFileReference; fileEncoding = 4; lastKnownFileType = sourcecode.swift; path = publicArt.swift; sourceTree = "<group>"; };
		D41283BA1CBF19FC002EF8DA /* DownloadDataOperation.swift */ = {isa = PBXFileReference; fileEncoding = 4; lastKnownFileType = sourcecode.swift; path = DownloadDataOperation.swift; sourceTree = "<group>"; };
		D4385EC01CDA158C00784EE2 /* composting.json */ = {isa = PBXFileReference; fileEncoding = 4; lastKnownFileType = text.json; path = composting.json; sourceTree = "<group>"; };
		D4385EC11CDA158C00784EE2 /* marijuana.json */ = {isa = PBXFileReference; fileEncoding = 4; lastKnownFileType = text.json; path = marijuana.json; sourceTree = "<group>"; };
		D4385EC21CDA158C00784EE2 /* publicArt.json */ = {isa = PBXFileReference; fileEncoding = 4; lastKnownFileType = text.json; path = publicArt.json; sourceTree = "<group>"; };
		D445EE411CA4021000786CA3 /* CustomTableViewCell.swift */ = {isa = PBXFileReference; fileEncoding = 4; lastKnownFileType = sourcecode.swift; path = CustomTableViewCell.swift; sourceTree = "<group>"; };
		D445EE431CA4544600786CA3 /* DetailViewController.swift */ = {isa = PBXFileReference; fileEncoding = 4; lastKnownFileType = sourcecode.swift; path = DetailViewController.swift; sourceTree = "<group>"; };
		D451E9C61CB67AAF00A05682 /* BuildingPermits.json */ = {isa = PBXFileReference; fileEncoding = 4; lastKnownFileType = text.json; path = BuildingPermits.json; sourceTree = "<group>"; };
		D451E9C71CB67AAF00A05682 /* CityArtworks.json */ = {isa = PBXFileReference; fileEncoding = 4; lastKnownFileType = text.json; path = CityArtworks.json; sourceTree = "<group>"; };
		D451E9CD1CB67AAF00A05682 /* Farmers2015.json */ = {isa = PBXFileReference; fileEncoding = 4; lastKnownFileType = text.json; path = Farmers2015.json; sourceTree = "<group>"; };
		D451E9CE1CB67AAF00A05682 /* Food.json */ = {isa = PBXFileReference; fileEncoding = 4; lastKnownFileType = text.json; path = Food.json; sourceTree = "<group>"; };
		D451E9CF1CB67AAF00A05682 /* Landmarks.json */ = {isa = PBXFileReference; fileEncoding = 4; lastKnownFileType = text.json; path = Landmarks.json; sourceTree = "<group>"; };
		D451E9D01CB67AAF00A05682 /* Parks_Ammenities.json */ = {isa = PBXFileReference; fileEncoding = 4; lastKnownFileType = text.json; path = Parks_Ammenities.json; sourceTree = "<group>"; };
		D451E9D11CB67AAF00A05682 /* RedLight.json */ = {isa = PBXFileReference; fileEncoding = 4; lastKnownFileType = text.json; path = RedLight.json; sourceTree = "<group>"; };
		D451E9DB1CB67B2600A05682 /* ArtEntry.swift */ = {isa = PBXFileReference; fileEncoding = 4; lastKnownFileType = sourcecode.swift; path = ArtEntry.swift; sourceTree = "<group>"; };
		D47DE49E1DA6791A00540072 /* building_permits.json */ = {isa = PBXFileReference; fileEncoding = 4; lastKnownFileType = text.json; name = building_permits.json; path = SanJose/building_permits.json; sourceTree = "<group>"; };
		D47DE4A01DA6796400540072 /* NotesForSanJose.md */ = {isa = PBXFileReference; fileEncoding = 4; lastKnownFileType = net.daringfireball.markdown; path = NotesForSanJose.md; sourceTree = "<group>"; };
		D47DE4A21DA6C9B100540072 /* alternative_fuels.json */ = {isa = PBXFileReference; fileEncoding = 4; lastKnownFileType = text.json; name = alternative_fuels.json; path = SanJose/alternative_fuels.json; sourceTree = "<group>"; };
		D47DE4A41DA6D24E00540072 /* heritage_trees.json */ = {isa = PBXFileReference; fileEncoding = 4; lastKnownFileType = text.json; name = heritage_trees.json; path = SanJose/heritage_trees.json; sourceTree = "<group>"; };
		D47DE4A61DA709CC00540072 /* Tree.swift */ = {isa = PBXFileReference; fileEncoding = 4; lastKnownFileType = sourcecode.swift; name = Tree.swift; path = SanJose/Tree.swift; sourceTree = "<group>"; };
		D49506A21CB83043004B5C7D /* BarberShops.json */ = {isa = PBXFileReference; fileEncoding = 4; lastKnownFileType = text.json; path = BarberShops.json; sourceTree = "<group>"; };
		D498BDB91C9AD25B00B8FEFC /* OpenData.app */ = {isa = PBXFileReference; explicitFileType = wrapper.application; includeInIndex = 0; path = OpenData.app; sourceTree = BUILT_PRODUCTS_DIR; };
		D498BDBC1C9AD25B00B8FEFC /* AppDelegate.swift */ = {isa = PBXFileReference; lastKnownFileType = sourcecode.swift; path = AppDelegate.swift; sourceTree = "<group>"; };
		D498BDBE1C9AD25B00B8FEFC /* ListViewController.swift */ = {isa = PBXFileReference; lastKnownFileType = sourcecode.swift; path = ListViewController.swift; sourceTree = "<group>"; };
		D498BDC01C9AD25B00B8FEFC /* MapViewController.swift */ = {isa = PBXFileReference; lastKnownFileType = sourcecode.swift; path = MapViewController.swift; sourceTree = "<group>"; };
		D498BDC31C9AD25B00B8FEFC /* Base */ = {isa = PBXFileReference; lastKnownFileType = file.storyboard; name = Base; path = Base.lproj/Main.storyboard; sourceTree = "<group>"; };
		D498BDC51C9AD25B00B8FEFC /* Assets.xcassets */ = {isa = PBXFileReference; lastKnownFileType = folder.assetcatalog; path = Assets.xcassets; sourceTree = "<group>"; };
		D498BDC81C9AD25B00B8FEFC /* Base */ = {isa = PBXFileReference; lastKnownFileType = file.storyboard; name = Base; path = Base.lproj/LaunchScreen.storyboard; sourceTree = "<group>"; };
		D498BDCA1C9AD25B00B8FEFC /* Info.plist */ = {isa = PBXFileReference; lastKnownFileType = text.plist.xml; path = Info.plist; sourceTree = "<group>"; };
		D498BDCF1C9AD25B00B8FEFC /* OpenDataTests.xctest */ = {isa = PBXFileReference; explicitFileType = wrapper.cfbundle; includeInIndex = 0; path = OpenDataTests.xctest; sourceTree = BUILT_PRODUCTS_DIR; };
		D498BDD31C9AD25B00B8FEFC /* OpenDataTests.swift */ = {isa = PBXFileReference; lastKnownFileType = sourcecode.swift; path = OpenDataTests.swift; sourceTree = "<group>"; };
		D498BDD51C9AD25B00B8FEFC /* Info.plist */ = {isa = PBXFileReference; lastKnownFileType = text.plist.xml; path = Info.plist; sourceTree = "<group>"; };
		D498BDDA1C9AD25B00B8FEFC /* OpenDataUITests.xctest */ = {isa = PBXFileReference; explicitFileType = wrapper.cfbundle; includeInIndex = 0; path = OpenDataUITests.xctest; sourceTree = BUILT_PRODUCTS_DIR; };
		D498BDDE1C9AD25B00B8FEFC /* OpenDataUITests.swift */ = {isa = PBXFileReference; lastKnownFileType = sourcecode.swift; path = OpenDataUITests.swift; sourceTree = "<group>"; };
		D498BDE01C9AD25B00B8FEFC /* Info.plist */ = {isa = PBXFileReference; lastKnownFileType = text.plist.xml; path = Info.plist; sourceTree = "<group>"; };
		D498BDEC1C9AD73A00B8FEFC /* MapKit.framework */ = {isa = PBXFileReference; lastKnownFileType = wrapper.framework; name = MapKit.framework; path = System/Library/Frameworks/MapKit.framework; sourceTree = SDKROOT; };
		D4AFF8421CBF16A3008B5F48 /* FoodInspection.swift */ = {isa = PBXFileReference; fileEncoding = 4; lastKnownFileType = sourcecode.swift; path = FoodInspection.swift; sourceTree = "<group>"; };
		D4AFF8431CBF16A3008B5F48 /* LandmarkEntry.swift */ = {isa = PBXFileReference; fileEncoding = 4; lastKnownFileType = sourcecode.swift; path = LandmarkEntry.swift; sourceTree = "<group>"; };
		D4AFF8441CBF16A3008B5F48 /* Parks.swift */ = {isa = PBXFileReference; fileEncoding = 4; lastKnownFileType = sourcecode.swift; path = Parks.swift; sourceTree = "<group>"; };
/* End PBXFileReference section */

/* Begin PBXFrameworksBuildPhase section */
		D498BDB61C9AD25B00B8FEFC /* Frameworks */ = {
			isa = PBXFrameworksBuildPhase;
			buildActionMask = 2147483647;
			files = (
				D498BDED1C9AD73A00B8FEFC /* MapKit.framework in Frameworks */,
			);
			runOnlyForDeploymentPostprocessing = 0;
		};
		D498BDCC1C9AD25B00B8FEFC /* Frameworks */ = {
			isa = PBXFrameworksBuildPhase;
			buildActionMask = 2147483647;
			files = (
			);
			runOnlyForDeploymentPostprocessing = 0;
		};
		D498BDD71C9AD25B00B8FEFC /* Frameworks */ = {
			isa = PBXFrameworksBuildPhase;
			buildActionMask = 2147483647;
			files = (
			);
			runOnlyForDeploymentPostprocessing = 0;
		};
/* End PBXFrameworksBuildPhase section */

/* Begin PBXGroup section */
		B916DB641D81CEB60001A9B0 /* DMV */ = {
			isa = PBXGroup;
			children = (
				B916DB561D81CE950001A9B0 /* CafeObject.swift */,
				B916DB581D81CEA40001A9B0 /* landmarks.json */,
				B916DB591D81CEA40001A9B0 /* parking.json */,
				B916DB5A1D81CEA40001A9B0 /* rats.json */,
				B916DB5B1D81CEA40001A9B0 /* sidewalkCafe.json */,
				B916DB5C1D81CEA40001A9B0 /* speedcamera.json */,
				B916DB5D1D81CEA40001A9B0 /* trains.json */,
			);
			name = DMV;
			sourceTree = "<group>";
		};
		D4385EBF1CDA158C00784EE2 /* Seattle */ = {
			isa = PBXGroup;
			children = (
				D4083E131CDAA5E1007E2950 /* publicArt.swift */,
				D4385EC21CDA158C00784EE2 /* publicArt.json */,
				D4385EC01CDA158C00784EE2 /* composting.json */,
				D4385EC11CDA158C00784EE2 /* marijuana.json */,
			);
			path = Seattle;
			sourceTree = "<group>";
		};
		D451E9C51CB67AAF00A05682 /* Austin */ = {
			isa = PBXGroup;
			children = (
				D49506A21CB83043004B5C7D /* BarberShops.json */,
				D451E9C61CB67AAF00A05682 /* BuildingPermits.json */,
				D451E9C71CB67AAF00A05682 /* CityArtworks.json */,
				D451E9DB1CB67B2600A05682 /* ArtEntry.swift */,
			);
			path = Austin;
			sourceTree = "<group>";
		};
		D451E9CC1CB67AAF00A05682 /* Chicago */ = {
			isa = PBXGroup;
			children = (
				D4AFF8421CBF16A3008B5F48 /* FoodInspection.swift */,
				D4AFF8431CBF16A3008B5F48 /* LandmarkEntry.swift */,
				D4AFF8441CBF16A3008B5F48 /* Parks.swift */,
				D451E9CD1CB67AAF00A05682 /* Farmers2015.json */,
				D451E9CE1CB67AAF00A05682 /* Food.json */,
				D451E9CF1CB67AAF00A05682 /* Landmarks.json */,
				D451E9D01CB67AAF00A05682 /* Parks_Ammenities.json */,
				D451E9D11CB67AAF00A05682 /* RedLight.json */,
			);
			path = Chicago;
			sourceTree = "<group>";
		};
		D46387061C9B51AA00CBDAAD /* DataObjects */ = {
			isa = PBXGroup;
			children = (
				D47DE49D1DA6790700540072 /* SanJose */,
				B916DB641D81CEB60001A9B0 /* DMV */,
				D4385EBF1CDA158C00784EE2 /* Seattle */,
				D451E9C51CB67AAF00A05682 /* Austin */,
				D451E9CC1CB67AAF00A05682 /* Chicago */,
			);
			name = DataObjects;
			sourceTree = "<group>";
		};
		D47DE49D1DA6790700540072 /* SanJose */ = {
			isa = PBXGroup;
			children = (
				D47DE4A41DA6D24E00540072 /* heritage_trees.json */,
				D47DE4A21DA6C9B100540072 /* alternative_fuels.json */,
				D47DE49E1DA6791A00540072 /* building_permits.json */,
				D47DE4A01DA6796400540072 /* NotesForSanJose.md */,
				D47DE4A61DA709CC00540072 /* Tree.swift */,
			);
			name = SanJose;
			sourceTree = "<group>";
		};
		D498BDB01C9AD25B00B8FEFC = {
			isa = PBXGroup;
			children = (
				D498BDBB1C9AD25B00B8FEFC /* OpenData */,
				D46387061C9B51AA00CBDAAD /* DataObjects */,
				D498BDEE1C9AD75800B8FEFC /* SupportingFiles */,
				D498BDD21C9AD25B00B8FEFC /* OpenDataTests */,
				D498BDDD1C9AD25B00B8FEFC /* OpenDataUITests */,
				D498BDBA1C9AD25B00B8FEFC /* Products */,
			);
			sourceTree = "<group>";
		};
		D498BDBA1C9AD25B00B8FEFC /* Products */ = {
			isa = PBXGroup;
			children = (
				D498BDB91C9AD25B00B8FEFC /* OpenData.app */,
				D498BDCF1C9AD25B00B8FEFC /* OpenDataTests.xctest */,
				D498BDDA1C9AD25B00B8FEFC /* OpenDataUITests.xctest */,
			);
			name = Products;
			sourceTree = "<group>";
		};
		D498BDBB1C9AD25B00B8FEFC /* OpenData */ = {
			isa = PBXGroup;
			children = (
				D498BDBC1C9AD25B00B8FEFC /* AppDelegate.swift */,
				D498BDBE1C9AD25B00B8FEFC /* ListViewController.swift */,
				D498BDC01C9AD25B00B8FEFC /* MapViewController.swift */,
				D445EE431CA4544600786CA3 /* DetailViewController.swift */,
				D498BDC21C9AD25B00B8FEFC /* Main.storyboard */,
				D498BDC51C9AD25B00B8FEFC /* Assets.xcassets */,
				D498BDC71C9AD25B00B8FEFC /* LaunchScreen.storyboard */,
				D498BDCA1C9AD25B00B8FEFC /* Info.plist */,
				D445EE411CA4021000786CA3 /* CustomTableViewCell.swift */,
				D41283BA1CBF19FC002EF8DA /* DownloadDataOperation.swift */,
			);
			path = OpenData;
			sourceTree = "<group>";
		};
		D498BDD21C9AD25B00B8FEFC /* OpenDataTests */ = {
			isa = PBXGroup;
			children = (
				D498BDD31C9AD25B00B8FEFC /* OpenDataTests.swift */,
				D498BDD51C9AD25B00B8FEFC /* Info.plist */,
			);
			path = OpenDataTests;
			sourceTree = "<group>";
		};
		D498BDDD1C9AD25B00B8FEFC /* OpenDataUITests */ = {
			isa = PBXGroup;
			children = (
				D498BDDE1C9AD25B00B8FEFC /* OpenDataUITests.swift */,
				D498BDE01C9AD25B00B8FEFC /* Info.plist */,
			);
			path = OpenDataUITests;
			sourceTree = "<group>";
		};
		D498BDEE1C9AD75800B8FEFC /* SupportingFiles */ = {
			isa = PBXGroup;
			children = (
				D498BDEC1C9AD73A00B8FEFC /* MapKit.framework */,
			);
			name = SupportingFiles;
			sourceTree = "<group>";
		};
/* End PBXGroup section */

/* Begin PBXNativeTarget section */
		D498BDB81C9AD25B00B8FEFC /* OpenData */ = {
			isa = PBXNativeTarget;
			buildConfigurationList = D498BDE31C9AD25B00B8FEFC /* Build configuration list for PBXNativeTarget "OpenData" */;
			buildPhases = (
				D498BDB51C9AD25B00B8FEFC /* Sources */,
				D498BDB61C9AD25B00B8FEFC /* Frameworks */,
				D498BDB71C9AD25B00B8FEFC /* Resources */,
			);
			buildRules = (
			);
			dependencies = (
			);
			name = OpenData;
			productName = OpenData;
			productReference = D498BDB91C9AD25B00B8FEFC /* OpenData.app */;
			productType = "com.apple.product-type.application";
		};
		D498BDCE1C9AD25B00B8FEFC /* OpenDataTests */ = {
			isa = PBXNativeTarget;
			buildConfigurationList = D498BDE61C9AD25B00B8FEFC /* Build configuration list for PBXNativeTarget "OpenDataTests" */;
			buildPhases = (
				D498BDCB1C9AD25B00B8FEFC /* Sources */,
				D498BDCC1C9AD25B00B8FEFC /* Frameworks */,
				D498BDCD1C9AD25B00B8FEFC /* Resources */,
			);
			buildRules = (
			);
			dependencies = (
				D498BDD11C9AD25B00B8FEFC /* PBXTargetDependency */,
			);
			name = OpenDataTests;
			productName = OpenDataTests;
			productReference = D498BDCF1C9AD25B00B8FEFC /* OpenDataTests.xctest */;
			productType = "com.apple.product-type.bundle.unit-test";
		};
		D498BDD91C9AD25B00B8FEFC /* OpenDataUITests */ = {
			isa = PBXNativeTarget;
			buildConfigurationList = D498BDE91C9AD25B00B8FEFC /* Build configuration list for PBXNativeTarget "OpenDataUITests" */;
			buildPhases = (
				D498BDD61C9AD25B00B8FEFC /* Sources */,
				D498BDD71C9AD25B00B8FEFC /* Frameworks */,
				D498BDD81C9AD25B00B8FEFC /* Resources */,
			);
			buildRules = (
			);
			dependencies = (
				D498BDDC1C9AD25B00B8FEFC /* PBXTargetDependency */,
			);
			name = OpenDataUITests;
			productName = OpenDataUITests;
			productReference = D498BDDA1C9AD25B00B8FEFC /* OpenDataUITests.xctest */;
			productType = "com.apple.product-type.bundle.ui-testing";
		};
/* End PBXNativeTarget section */

/* Begin PBXProject section */
		D498BDB11C9AD25B00B8FEFC /* Project object */ = {
			isa = PBXProject;
			attributes = {
				LastSwiftUpdateCheck = 0720;
				LastUpgradeCheck = 0800;
				ORGANIZATIONNAME = "Tyree Apps, LLC";
				TargetAttributes = {
					D498BDB81C9AD25B00B8FEFC = {
						CreatedOnToolsVersion = 7.2.1;
						DevelopmentTeam = K75NL9T9H7;
						LastSwiftMigration = 0800;
						SystemCapabilities = {
							com.apple.Maps.iOS = {
								enabled = 1;
							};
						};
					};
					D498BDCE1C9AD25B00B8FEFC = {
						CreatedOnToolsVersion = 7.2.1;
						LastSwiftMigration = 0800;
						TestTargetID = D498BDB81C9AD25B00B8FEFC;
					};
					D498BDD91C9AD25B00B8FEFC = {
						CreatedOnToolsVersion = 7.2.1;
						LastSwiftMigration = 0800;
						TestTargetID = D498BDB81C9AD25B00B8FEFC;
					};
				};
			};
			buildConfigurationList = D498BDB41C9AD25B00B8FEFC /* Build configuration list for PBXProject "OpenData" */;
			compatibilityVersion = "Xcode 3.2";
			developmentRegion = English;
			hasScannedForEncodings = 0;
			knownRegions = (
				en,
				Base,
			);
			mainGroup = D498BDB01C9AD25B00B8FEFC;
			productRefGroup = D498BDBA1C9AD25B00B8FEFC /* Products */;
			projectDirPath = "";
			projectRoot = "";
			targets = (
				D498BDB81C9AD25B00B8FEFC /* OpenData */,
				D498BDCE1C9AD25B00B8FEFC /* OpenDataTests */,
				D498BDD91C9AD25B00B8FEFC /* OpenDataUITests */,
			);
		};
/* End PBXProject section */

/* Begin PBXResourcesBuildPhase section */
		D498BDB71C9AD25B00B8FEFC /* Resources */ = {
			isa = PBXResourcesBuildPhase;
			buildActionMask = 2147483647;
			files = (
				D451E9D71CB67AAF00A05682 /* Food.json in Resources */,
				B916DB601D81CEA40001A9B0 /* rats.json in Resources */,
				D47DE4A51DA6D24E00540072 /* heritage_trees.json in Resources */,
				D49506A31CB83043004B5C7D /* BarberShops.json in Resources */,
				D4385EC51CDA158C00784EE2 /* publicArt.json in Resources */,
				B916DB5F1D81CEA40001A9B0 /* parking.json in Resources */,
				B916DB5E1D81CEA40001A9B0 /* landmarks.json in Resources */,
				D451E9D81CB67AAF00A05682 /* Landmarks.json in Resources */,
				D498BDC91C9AD25B00B8FEFC /* LaunchScreen.storyboard in Resources */,
				D451E9D91CB67AAF00A05682 /* Parks_Ammenities.json in Resources */,
				D4385EC41CDA158C00784EE2 /* marijuana.json in Resources */,
				D451E9D31CB67AAF00A05682 /* CityArtworks.json in Resources */,
				D451E9D21CB67AAF00A05682 /* BuildingPermits.json in Resources */,
				D451E9DA1CB67AAF00A05682 /* RedLight.json in Resources */,
				D47DE4A31DA6C9B100540072 /* alternative_fuels.json in Resources */,
				D47DE49F1DA6791A00540072 /* building_permits.json in Resources */,
				D498BDC61C9AD25B00B8FEFC /* Assets.xcassets in Resources */,
				B916DB611D81CEA40001A9B0 /* sidewalkCafe.json in Resources */,
				D451E9D61CB67AAF00A05682 /* Farmers2015.json in Resources */,
				D4385EC31CDA158C00784EE2 /* composting.json in Resources */,
				B916DB621D81CEA40001A9B0 /* speedcamera.json in Resources */,
				B916DB631D81CEA40001A9B0 /* trains.json in Resources */,
				D498BDC41C9AD25B00B8FEFC /* Main.storyboard in Resources */,
			);
			runOnlyForDeploymentPostprocessing = 0;
		};
		D498BDCD1C9AD25B00B8FEFC /* Resources */ = {
			isa = PBXResourcesBuildPhase;
			buildActionMask = 2147483647;
			files = (
			);
			runOnlyForDeploymentPostprocessing = 0;
		};
		D498BDD81C9AD25B00B8FEFC /* Resources */ = {
			isa = PBXResourcesBuildPhase;
			buildActionMask = 2147483647;
			files = (
			);
			runOnlyForDeploymentPostprocessing = 0;
		};
/* End PBXResourcesBuildPhase section */

/* Begin PBXSourcesBuildPhase section */
		D498BDB51C9AD25B00B8FEFC /* Sources */ = {
			isa = PBXSourcesBuildPhase;
			buildActionMask = 2147483647;
			files = (
				D498BDC11C9AD25B00B8FEFC /* MapViewController.swift in Sources */,
				B916DB571D81CE950001A9B0 /* CafeObject.swift in Sources */,
				D445EE421CA4021000786CA3 /* CustomTableViewCell.swift in Sources */,
				D4AFF8461CBF16A3008B5F48 /* LandmarkEntry.swift in Sources */,
				D498BDBD1C9AD25B00B8FEFC /* AppDelegate.swift in Sources */,
				D47DE4A11DA6796400540072 /* NotesForSanJose.md in Sources */,
				D4AFF8451CBF16A3008B5F48 /* FoodInspection.swift in Sources */,
				D47DE4A71DA709CC00540072 /* Tree.swift in Sources */,
				D4083E141CDAA5E1007E2950 /* publicArt.swift in Sources */,
				D498BDBF1C9AD25B00B8FEFC /* ListViewController.swift in Sources */,
				D451E9DC1CB67B2600A05682 /* ArtEntry.swift in Sources */,
				D41283BB1CBF19FC002EF8DA /* DownloadDataOperation.swift in Sources */,
				D445EE441CA4544600786CA3 /* DetailViewController.swift in Sources */,
				D4AFF8471CBF16A3008B5F48 /* Parks.swift in Sources */,
			);
			runOnlyForDeploymentPostprocessing = 0;
		};
		D498BDCB1C9AD25B00B8FEFC /* Sources */ = {
			isa = PBXSourcesBuildPhase;
			buildActionMask = 2147483647;
			files = (
				D498BDD41C9AD25B00B8FEFC /* OpenDataTests.swift in Sources */,
			);
			runOnlyForDeploymentPostprocessing = 0;
		};
		D498BDD61C9AD25B00B8FEFC /* Sources */ = {
			isa = PBXSourcesBuildPhase;
			buildActionMask = 2147483647;
			files = (
				D498BDDF1C9AD25B00B8FEFC /* OpenDataUITests.swift in Sources */,
			);
			runOnlyForDeploymentPostprocessing = 0;
		};
/* End PBXSourcesBuildPhase section */

/* Begin PBXTargetDependency section */
		D498BDD11C9AD25B00B8FEFC /* PBXTargetDependency */ = {
			isa = PBXTargetDependency;
			target = D498BDB81C9AD25B00B8FEFC /* OpenData */;
			targetProxy = D498BDD01C9AD25B00B8FEFC /* PBXContainerItemProxy */;
		};
		D498BDDC1C9AD25B00B8FEFC /* PBXTargetDependency */ = {
			isa = PBXTargetDependency;
			target = D498BDB81C9AD25B00B8FEFC /* OpenData */;
			targetProxy = D498BDDB1C9AD25B00B8FEFC /* PBXContainerItemProxy */;
		};
/* End PBXTargetDependency section */

/* Begin PBXVariantGroup section */
		D498BDC21C9AD25B00B8FEFC /* Main.storyboard */ = {
			isa = PBXVariantGroup;
			children = (
				D498BDC31C9AD25B00B8FEFC /* Base */,
			);
			name = Main.storyboard;
			sourceTree = "<group>";
		};
		D498BDC71C9AD25B00B8FEFC /* LaunchScreen.storyboard */ = {
			isa = PBXVariantGroup;
			children = (
				D498BDC81C9AD25B00B8FEFC /* Base */,
			);
			name = LaunchScreen.storyboard;
			sourceTree = "<group>";
		};
/* End PBXVariantGroup section */

/* Begin XCBuildConfiguration section */
		D498BDE11C9AD25B00B8FEFC /* Debug */ = {
			isa = XCBuildConfiguration;
			buildSettings = {
				ALWAYS_SEARCH_USER_PATHS = NO;
				CLANG_CXX_LANGUAGE_STANDARD = "gnu++0x";
				CLANG_CXX_LIBRARY = "libc++";
				CLANG_ENABLE_MODULES = YES;
				CLANG_ENABLE_OBJC_ARC = YES;
				CLANG_WARN_BOOL_CONVERSION = YES;
				CLANG_WARN_CONSTANT_CONVERSION = YES;
				CLANG_WARN_DIRECT_OBJC_ISA_USAGE = YES_ERROR;
				CLANG_WARN_EMPTY_BODY = YES;
				CLANG_WARN_ENUM_CONVERSION = YES;
				CLANG_WARN_INFINITE_RECURSION = YES;
				CLANG_WARN_INT_CONVERSION = YES;
				CLANG_WARN_OBJC_ROOT_CLASS = YES_ERROR;
				CLANG_WARN_SUSPICIOUS_MOVE = YES;
				CLANG_WARN_UNREACHABLE_CODE = YES;
				CLANG_WARN__DUPLICATE_METHOD_MATCH = YES;
				"CODE_SIGN_IDENTITY[sdk=iphoneos*]" = "iPhone Developer";
				COPY_PHASE_STRIP = NO;
				DEBUG_INFORMATION_FORMAT = dwarf;
				ENABLE_STRICT_OBJC_MSGSEND = YES;
				ENABLE_TESTABILITY = YES;
				GCC_C_LANGUAGE_STANDARD = gnu99;
				GCC_DYNAMIC_NO_PIC = NO;
				GCC_NO_COMMON_BLOCKS = YES;
				GCC_OPTIMIZATION_LEVEL = 0;
				GCC_PREPROCESSOR_DEFINITIONS = (
					"DEBUG=1",
					"$(inherited)",
				);
				GCC_WARN_64_TO_32_BIT_CONVERSION = YES;
				GCC_WARN_ABOUT_RETURN_TYPE = YES_ERROR;
				GCC_WARN_UNDECLARED_SELECTOR = YES;
				GCC_WARN_UNINITIALIZED_AUTOS = YES_AGGRESSIVE;
				GCC_WARN_UNUSED_FUNCTION = YES;
				GCC_WARN_UNUSED_VARIABLE = YES;
				IPHONEOS_DEPLOYMENT_TARGET = 9.2;
				MTL_ENABLE_DEBUG_INFO = YES;
				ONLY_ACTIVE_ARCH = YES;
				SDKROOT = iphoneos;
				SWIFT_OPTIMIZATION_LEVEL = "-Onone";
				TARGETED_DEVICE_FAMILY = "1,2";
			};
			name = Debug;
		};
		D498BDE21C9AD25B00B8FEFC /* Release */ = {
			isa = XCBuildConfiguration;
			buildSettings = {
				ALWAYS_SEARCH_USER_PATHS = NO;
				CLANG_CXX_LANGUAGE_STANDARD = "gnu++0x";
				CLANG_CXX_LIBRARY = "libc++";
				CLANG_ENABLE_MODULES = YES;
				CLANG_ENABLE_OBJC_ARC = YES;
				CLANG_WARN_BOOL_CONVERSION = YES;
				CLANG_WARN_CONSTANT_CONVERSION = YES;
				CLANG_WARN_DIRECT_OBJC_ISA_USAGE = YES_ERROR;
				CLANG_WARN_EMPTY_BODY = YES;
				CLANG_WARN_ENUM_CONVERSION = YES;
				CLANG_WARN_INFINITE_RECURSION = YES;
				CLANG_WARN_INT_CONVERSION = YES;
				CLANG_WARN_OBJC_ROOT_CLASS = YES_ERROR;
				CLANG_WARN_SUSPICIOUS_MOVE = YES;
				CLANG_WARN_UNREACHABLE_CODE = YES;
				CLANG_WARN__DUPLICATE_METHOD_MATCH = YES;
				"CODE_SIGN_IDENTITY[sdk=iphoneos*]" = "iPhone Developer";
				COPY_PHASE_STRIP = NO;
				DEBUG_INFORMATION_FORMAT = "dwarf-with-dsym";
				ENABLE_NS_ASSERTIONS = NO;
				ENABLE_STRICT_OBJC_MSGSEND = YES;
				GCC_C_LANGUAGE_STANDARD = gnu99;
				GCC_NO_COMMON_BLOCKS = YES;
				GCC_WARN_64_TO_32_BIT_CONVERSION = YES;
				GCC_WARN_ABOUT_RETURN_TYPE = YES_ERROR;
				GCC_WARN_UNDECLARED_SELECTOR = YES;
				GCC_WARN_UNINITIALIZED_AUTOS = YES_AGGRESSIVE;
				GCC_WARN_UNUSED_FUNCTION = YES;
				GCC_WARN_UNUSED_VARIABLE = YES;
				IPHONEOS_DEPLOYMENT_TARGET = 9.2;
				MTL_ENABLE_DEBUG_INFO = NO;
				SDKROOT = iphoneos;
				SWIFT_OPTIMIZATION_LEVEL = "-Owholemodule";
				TARGETED_DEVICE_FAMILY = "1,2";
				VALIDATE_PRODUCT = YES;
			};
			name = Release;
		};
		D498BDE41C9AD25B00B8FEFC /* Debug */ = {
			isa = XCBuildConfiguration;
			buildSettings = {
				ASSETCATALOG_COMPILER_APPICON_NAME = AppIcon;
				CODE_SIGN_IDENTITY = "iPhone Developer";
				INFOPLIST_FILE = OpenData/Info.plist;
				IPHONEOS_DEPLOYMENT_TARGET = 8.1;
				LD_RUNPATH_SEARCH_PATHS = "$(inherited) @executable_path/Frameworks";
				PRODUCT_BUNDLE_IDENTIFIER = com.dartonion.OpenData;
				PRODUCT_NAME = "$(TARGET_NAME)";
				SWIFT_VERSION = 3.0;
			};
			name = Debug;
		};
		D498BDE51C9AD25B00B8FEFC /* Release */ = {
			isa = XCBuildConfiguration;
			buildSettings = {
				ASSETCATALOG_COMPILER_APPICON_NAME = AppIcon;
				CODE_SIGN_IDENTITY = "iPhone Developer";
				INFOPLIST_FILE = OpenData/Info.plist;
				IPHONEOS_DEPLOYMENT_TARGET = 8.1;
				LD_RUNPATH_SEARCH_PATHS = "$(inherited) @executable_path/Frameworks";
				PRODUCT_BUNDLE_IDENTIFIER = com.dartonion.OpenData;
				PRODUCT_NAME = "$(TARGET_NAME)";
				SWIFT_VERSION = 3.0;
			};
			name = Release;
		};
		D498BDE71C9AD25B00B8FEFC /* Debug */ = {
			isa = XCBuildConfiguration;
			buildSettings = {
				BUNDLE_LOADER = "$(TEST_HOST)";
				INFOPLIST_FILE = OpenDataTests/Info.plist;
				LD_RUNPATH_SEARCH_PATHS = "$(inherited) @executable_path/Frameworks @loader_path/Frameworks";
				PRODUCT_BUNDLE_IDENTIFIER = com.tyreeapps.OpenDataTests;
				PRODUCT_NAME = "$(TARGET_NAME)";
				SWIFT_VERSION = 3.0;
				TEST_HOST = "$(BUILT_PRODUCTS_DIR)/OpenData.app/OpenData";
			};
			name = Debug;
		};
		D498BDE81C9AD25B00B8FEFC /* Release */ = {
			isa = XCBuildConfiguration;
			buildSettings = {
				BUNDLE_LOADER = "$(TEST_HOST)";
				INFOPLIST_FILE = OpenDataTests/Info.plist;
				LD_RUNPATH_SEARCH_PATHS = "$(inherited) @executable_path/Frameworks @loader_path/Frameworks";
				PRODUCT_BUNDLE_IDENTIFIER = com.tyreeapps.OpenDataTests;
				PRODUCT_NAME = "$(TARGET_NAME)";
				SWIFT_VERSION = 3.0;
				TEST_HOST = "$(BUILT_PRODUCTS_DIR)/OpenData.app/OpenData";
			};
			name = Release;
		};
		D498BDEA1C9AD25B00B8FEFC /* Debug */ = {
			isa = XCBuildConfiguration;
			buildSettings = {
				INFOPLIST_FILE = OpenDataUITests/Info.plist;
				LD_RUNPATH_SEARCH_PATHS = "$(inherited) @executable_path/Frameworks @loader_path/Frameworks";
				PRODUCT_BUNDLE_IDENTIFIER = com.tyreeapps.OpenDataUITests;
				PRODUCT_NAME = "$(TARGET_NAME)";
				SWIFT_VERSION = 3.0;
				TEST_TARGET_NAME = OpenData;
				USES_XCTRUNNER = YES;
			};
			name = Debug;
		};
		D498BDEB1C9AD25B00B8FEFC /* Release */ = {
			isa = XCBuildConfiguration;
			buildSettings = {
				INFOPLIST_FILE = OpenDataUITests/Info.plist;
				LD_RUNPATH_SEARCH_PATHS = "$(inherited) @executable_path/Frameworks @loader_path/Frameworks";
				PRODUCT_BUNDLE_IDENTIFIER = com.tyreeapps.OpenDataUITests;
				PRODUCT_NAME = "$(TARGET_NAME)";
				SWIFT_VERSION = 3.0;
				TEST_TARGET_NAME = OpenData;
				USES_XCTRUNNER = YES;
			};
			name = Release;
		};
/* End XCBuildConfiguration section */

/* Begin XCConfigurationList section */
		D498BDB41C9AD25B00B8FEFC /* Build configuration list for PBXProject "OpenData" */ = {
			isa = XCConfigurationList;
			buildConfigurations = (
				D498BDE11C9AD25B00B8FEFC /* Debug */,
				D498BDE21C9AD25B00B8FEFC /* Release */,
			);
			defaultConfigurationIsVisible = 0;
			defaultConfigurationName = Release;
		};
		D498BDE31C9AD25B00B8FEFC /* Build configuration list for PBXNativeTarget "OpenData" */ = {
			isa = XCConfigurationList;
			buildConfigurations = (
				D498BDE41C9AD25B00B8FEFC /* Debug */,
				D498BDE51C9AD25B00B8FEFC /* Release */,
			);
			defaultConfigurationIsVisible = 0;
			defaultConfigurationName = Release;
		};
		D498BDE61C9AD25B00B8FEFC /* Build configuration list for PBXNativeTarget "OpenDataTests" */ = {
			isa = XCConfigurationList;
			buildConfigurations = (
				D498BDE71C9AD25B00B8FEFC /* Debug */,
				D498BDE81C9AD25B00B8FEFC /* Release */,
			);
			defaultConfigurationIsVisible = 0;
			defaultConfigurationName = Release;
		};
		D498BDE91C9AD25B00B8FEFC /* Build configuration list for PBXNativeTarget "OpenDataUITests" */ = {
			isa = XCConfigurationList;
			buildConfigurations = (
				D498BDEA1C9AD25B00B8FEFC /* Debug */,
				D498BDEB1C9AD25B00B8FEFC /* Release */,
			);
			defaultConfigurationIsVisible = 0;
			defaultConfigurationName = Release;
		};
/* End XCConfigurationList section */
	};
	rootObject = D498BDB11C9AD25B00B8FEFC /* Project object */;
}
